
Microsoft Visual Studio Solution File, Format Version 12.00
# Visual Studio Version 17
VisualStudioVersion = 17.12.35707.178 d17.12
MinimumVisualStudioVersion = 10.0.40219.1
Project("{FAE04EC0-301F-11D3-BF4B-00C04F79EFBC}") = "Lab1_Part3_Johnson_Imlay", "Lab1_Part3_Johnson_Imlay\Lab1_Part3_Johnson_Imlay.csproj", "{5C069C28-6D3B-4ADF-8216-CA2171D9EED6}"
EndProject
Global
	GlobalSection(SolutionConfigurationPlatforms) = preSolution
		Debug|Any CPU = Debug|Any CPU
		Release|Any CPU = Release|Any CPU
	EndGlobalSection
	GlobalSection(ProjectConfigurationPlatforms) = postSolution
		{5C069C28-6D3B-4ADF-8216-CA2171D9EED6}.Debug|Any CPU.ActiveCfg = Debug|Any CPU
		{5C069C28-6D3B-4ADF-8216-CA2171D9EED6}.Debug|Any CPU.Build.0 = Debug|Any CPU
		{5C069C28-6D3B-4ADF-8216-CA2171D9EED6}.Release|Any CPU.ActiveCfg = Release|Any CPU
		{5C069C28-6D3B-4ADF-8216-CA2171D9EED6}.Release|Any CPU.Build.0 = Release|Any CPU
	EndGlobalSection
	GlobalSection(SolutionProperties) = preSolution
		HideSolutionNode = FALSE
	EndGlobalSection
EndGlobal
